// !$*UTF8*$!
{
	archiveVersion = 1;
	classes = {
	};
	objectVersion = 46;
	objects = {

/* Begin PBXBuildFile section */
		132ED9EE2F21B084804C8ADC /* Pods_XJPlayerManager_Tests.framework in Frameworks */ = {isa = PBXBuildFile; fileRef = C1B969E6426D19CF3740A7CE /* Pods_XJPlayerManager_Tests.framework */; };
		6003F58E195388D20070C39A /* Foundation.framework in Frameworks */ = {isa = PBXBuildFile; fileRef = 6003F58D195388D20070C39A /* Foundation.framework */; };
		6003F590195388D20070C39A /* CoreGraphics.framework in Frameworks */ = {isa = PBXBuildFile; fileRef = 6003F58F195388D20070C39A /* CoreGraphics.framework */; };
		6003F592195388D20070C39A /* UIKit.framework in Frameworks */ = {isa = PBXBuildFile; fileRef = 6003F591195388D20070C39A /* UIKit.framework */; };
		6003F59A195388D20070C39A /* main.m in Sources */ = {isa = PBXBuildFile; fileRef = 6003F599195388D20070C39A /* main.m */; };
		6003F59E195388D20070C39A /* XJAppDelegate.m in Sources */ = {isa = PBXBuildFile; fileRef = 6003F59D195388D20070C39A /* XJAppDelegate.m */; };
		6003F5A9195388D20070C39A /* Images.xcassets in Resources */ = {isa = PBXBuildFile; fileRef = 6003F5A8195388D20070C39A /* Images.xcassets */; };
		6003F5B0195388D20070C39A /* XCTest.framework in Frameworks */ = {isa = PBXBuildFile; fileRef = 6003F5AF195388D20070C39A /* XCTest.framework */; };
		6003F5B1195388D20070C39A /* Foundation.framework in Frameworks */ = {isa = PBXBuildFile; fileRef = 6003F58D195388D20070C39A /* Foundation.framework */; };
		6003F5B2195388D20070C39A /* UIKit.framework in Frameworks */ = {isa = PBXBuildFile; fileRef = 6003F591195388D20070C39A /* UIKit.framework */; };
		6003F5BA195388D20070C39A /* InfoPlist.strings in Resources */ = {isa = PBXBuildFile; fileRef = 6003F5B8195388D20070C39A /* InfoPlist.strings */; };
		6003F5BC195388D20070C39A /* Tests.m in Sources */ = {isa = PBXBuildFile; fileRef = 6003F5BB195388D20070C39A /* Tests.m */; };
		6DD90813D21E298A945BC082 /* Pods_XJPlayerManager_Example.framework in Frameworks */ = {isa = PBXBuildFile; fileRef = 06DA849D386E2AC5A6E5561E /* Pods_XJPlayerManager_Example.framework */; };
		71719F9F1E33DC2100824A3D /* LaunchScreen.storyboard in Resources */ = {isa = PBXBuildFile; fileRef = 71719F9D1E33DC2100824A3D /* LaunchScreen.storyboard */; };
		873B8AEB1B1F5CCA007FD442 /* Main.storyboard in Resources */ = {isa = PBXBuildFile; fileRef = 873B8AEA1B1F5CCA007FD442 /* Main.storyboard */; };
		9033598C22F9A059007F20CF /* DramasViewController.m in Sources */ = {isa = PBXBuildFile; fileRef = 9033598022F9A059007F20CF /* DramasViewController.m */; };
		9033598D22F9A059007F20CF /* DramaModel.m in Sources */ = {isa = PBXBuildFile; fileRef = 9033598322F9A059007F20CF /* DramaModel.m */; };
		9033598E22F9A059007F20CF /* DramaCell.xib in Resources */ = {isa = PBXBuildFile; fileRef = 9033598622F9A059007F20CF /* DramaCell.xib */; };
		9033598F22F9A059007F20CF /* DramaHeader.m in Sources */ = {isa = PBXBuildFile; fileRef = 9033598722F9A059007F20CF /* DramaHeader.m */; };
		9033599022F9A059007F20CF /* DramaCell.m in Sources */ = {isa = PBXBuildFile; fileRef = 9033598822F9A059007F20CF /* DramaCell.m */; };
		9033599122F9A059007F20CF /* DramaHeader.xib in Resources */ = {isa = PBXBuildFile; fileRef = 9033598922F9A059007F20CF /* DramaHeader.xib */; };
		9034D76423017449000D902C /* XJPlayerBundleResource.m in Sources */ = {isa = PBXBuildFile; fileRef = 9034D76323017449000D902C /* XJPlayerBundleResource.m */; };
		903519FF22FF080A002C9615 /* XJSlider.m in Sources */ = {isa = PBXBuildFile; fileRef = 903519C622FF080A002C9615 /* XJSlider.m */; };
		90351A0022FF080A002C9615 /* XJMarkSlider.m in Sources */ = {isa = PBXBuildFile; fileRef = 903519C922FF080A002C9615 /* XJMarkSlider.m */; };
		90351A0122FF080A002C9615 /* XJSliderTrackView.m in Sources */ = {isa = PBXBuildFile; fileRef = 903519CC22FF080A002C9615 /* XJSliderTrackView.m */; };
		90351A0222FF080A002C9615 /* AVPlayerView.m in Sources */ = {isa = PBXBuildFile; fileRef = 903519CE22FF080A002C9615 /* AVPlayerView.m */; };
		90351A0322FF080A002C9615 /* XJPlayerGesture.m in Sources */ = {isa = PBXBuildFile; fileRef = 903519D222FF080A002C9615 /* XJPlayerGesture.m */; };
		90351A0422FF080A002C9615 /* XJPlayerControlsView.m in Sources */ = {isa = PBXBuildFile; fileRef = 903519D322FF080A002C9615 /* XJPlayerControlsView.m */; };
		90351A0522FF080A002C9615 /* PlayerErrorInfoView.m in Sources */ = {isa = PBXBuildFile; fileRef = 903519D722FF080A002C9615 /* PlayerErrorInfoView.m */; };
		90351A0622FF080A002C9615 /* PlayerErrorInfoView.xib in Resources */ = {isa = PBXBuildFile; fileRef = 903519D822FF080A002C9615 /* PlayerErrorInfoView.xib */; };
		90351A0722FF080A002C9615 /* XJPlayerTransitioningDelegate.m in Sources */ = {isa = PBXBuildFile; fileRef = 903519DC22FF080A002C9615 /* XJPlayerTransitioningDelegate.m */; };
		90351A0822FF080A002C9615 /* XJPlayerFullScreenViewController.m in Sources */ = {isa = PBXBuildFile; fileRef = 903519DE22FF080A002C9615 /* XJPlayerFullScreenViewController.m */; };
		90351A0922FF080A002C9615 /* XJPlayerAnimatedTransitioning.m in Sources */ = {isa = PBXBuildFile; fileRef = 903519E022FF080A002C9615 /* XJPlayerAnimatedTransitioning.m */; };
		90351A0A22FF080A002C9615 /* UIView+PlayerControlsView.m in Sources */ = {isa = PBXBuildFile; fileRef = 903519E322FF080A002C9615 /* UIView+PlayerControlsView.m */; };
		90351A0B22FF080A002C9615 /* UIButton+CenterSpace.m in Sources */ = {isa = PBXBuildFile; fileRef = 903519E522FF080A002C9615 /* UIButton+CenterSpace.m */; };
		90351A0C22FF080A002C9615 /* UIView+XJBasePlayerView.m in Sources */ = {isa = PBXBuildFile; fileRef = 903519E622FF080A002C9615 /* UIView+XJBasePlayerView.m */; };
		90351A0D22FF080A002C9615 /* YTPlayerView.m in Sources */ = {isa = PBXBuildFile; fileRef = 903519EC22FF080A002C9615 /* YTPlayerView.m */; };
		90351A0E22FF080A002C9615 /* ic_buffering.psd in Resources */ = {isa = PBXBuildFile; fileRef = 903519EF22FF080A002C9615 /* ic_buffering.psd */; };
		90351A0F22FF080A002C9615 /* XJBufferingView.m in Sources */ = {isa = PBXBuildFile; fileRef = 903519F022FF080A002C9615 /* XJBufferingView.m */; };
		90351A1022FF080A002C9615 /* XJPlayerUtils.m in Sources */ = {isa = PBXBuildFile; fileRef = 903519F322FF080A002C9615 /* XJPlayerUtils.m */; };
		90351A1122FF080A002C9615 /* XJPlayerModel.m in Sources */ = {isa = PBXBuildFile; fileRef = 903519F422FF080A002C9615 /* XJPlayerModel.m */; };
		90351A1222FF080A002C9615 /* XJPlayerView.m in Sources */ = {isa = PBXBuildFile; fileRef = 903519F722FF080A002C9615 /* XJPlayerView.m */; };
		90351A1322FF080A002C9615 /* XJPlayerAdapter.m in Sources */ = {isa = PBXBuildFile; fileRef = 903519FA22FF080A002C9615 /* XJPlayerAdapter.m */; };
		90351A1422FF080A002C9615 /* XJPlayerManager.m in Sources */ = {isa = PBXBuildFile; fileRef = 903519FB22FF080A002C9615 /* XJPlayerManager.m */; };
		903F917722F44CE80001B44F /* UINavigationController+Portrait.m in Sources */ = {isa = PBXBuildFile; fileRef = 903F917522F44CE70001B44F /* UINavigationController+Portrait.m */; };
		903F923622F56AD00001B44F /* AlbumsViewController.m in Sources */ = {isa = PBXBuildFile; fileRef = 903F922B22F56AD00001B44F /* AlbumsViewController.m */; };
		903F923722F56AD00001B44F /* AlbumModel.m in Sources */ = {isa = PBXBuildFile; fileRef = 903F922E22F56AD00001B44F /* AlbumModel.m */; };
		903F923822F56AD00001B44F /* AlbumHeader.m in Sources */ = {isa = PBXBuildFile; fileRef = 903F923022F56AD00001B44F /* AlbumHeader.m */; };
		903F923922F56AD00001B44F /* AlbumCell.xib in Resources */ = {isa = PBXBuildFile; fileRef = 903F923122F56AD00001B44F /* AlbumCell.xib */; };
		903F923A22F56AD00001B44F /* AlbumHeader.xib in Resources */ = {isa = PBXBuildFile; fileRef = 903F923422F56AD00001B44F /* AlbumHeader.xib */; };
		903F923B22F56AD00001B44F /* AlbumCell.m in Sources */ = {isa = PBXBuildFile; fileRef = 903F923522F56AD00001B44F /* AlbumCell.m */; };
/* End PBXBuildFile section */

/* Begin PBXContainerItemProxy section */
		6003F5B3195388D20070C39A /* PBXContainerItemProxy */ = {
			isa = PBXContainerItemProxy;
			containerPortal = 6003F582195388D10070C39A /* Project object */;
			proxyType = 1;
			remoteGlobalIDString = 6003F589195388D20070C39A;
			remoteInfo = XJPlayerManager;
		};
/* End PBXContainerItemProxy section */

/* Begin PBXFileReference section */
		02E95F4C3F868D9F209BA377 /* Pods-XJPlayerManager_Example.release.xcconfig */ = {isa = PBXFileReference; includeInIndex = 1; lastKnownFileType = text.xcconfig; name = "Pods-XJPlayerManager_Example.release.xcconfig"; path = "Target Support Files/Pods-XJPlayerManager_Example/Pods-XJPlayerManager_Example.release.xcconfig"; sourceTree = "<group>"; };
		06DA849D386E2AC5A6E5561E /* Pods_XJPlayerManager_Example.framework */ = {isa = PBXFileReference; explicitFileType = wrapper.framework; includeInIndex = 0; path = Pods_XJPlayerManager_Example.framework; sourceTree = BUILT_PRODUCTS_DIR; };
		26D86BB9C25E21F6F3F2B22E /* Pods-XJPlayerManager_Tests.debug.xcconfig */ = {isa = PBXFileReference; includeInIndex = 1; lastKnownFileType = text.xcconfig; name = "Pods-XJPlayerManager_Tests.debug.xcconfig"; path = "Target Support Files/Pods-XJPlayerManager_Tests/Pods-XJPlayerManager_Tests.debug.xcconfig"; sourceTree = "<group>"; };
		2E1A27474FC91E6D19451074 /* Pods-XJPlayerManager_Tests.release.xcconfig */ = {isa = PBXFileReference; includeInIndex = 1; lastKnownFileType = text.xcconfig; name = "Pods-XJPlayerManager_Tests.release.xcconfig"; path = "Target Support Files/Pods-XJPlayerManager_Tests/Pods-XJPlayerManager_Tests.release.xcconfig"; sourceTree = "<group>"; };
		4570324A5239844CB7A82994 /* Pods-XJPlayerManager_Example.debug.xcconfig */ = {isa = PBXFileReference; includeInIndex = 1; lastKnownFileType = text.xcconfig; name = "Pods-XJPlayerManager_Example.debug.xcconfig"; path = "Target Support Files/Pods-XJPlayerManager_Example/Pods-XJPlayerManager_Example.debug.xcconfig"; sourceTree = "<group>"; };
		5009222321C4E054FBCBC2CA /* LICENSE */ = {isa = PBXFileReference; includeInIndex = 1; lastKnownFileType = text; name = LICENSE; path = ../LICENSE; sourceTree = "<group>"; };
		6003F58A195388D20070C39A /* XJPlayerManager_Example.app */ = {isa = PBXFileReference; explicitFileType = wrapper.application; includeInIndex = 0; path = XJPlayerManager_Example.app; sourceTree = BUILT_PRODUCTS_DIR; };
		6003F58D195388D20070C39A /* Foundation.framework */ = {isa = PBXFileReference; lastKnownFileType = wrapper.framework; name = Foundation.framework; path = System/Library/Frameworks/Foundation.framework; sourceTree = SDKROOT; };
		6003F58F195388D20070C39A /* CoreGraphics.framework */ = {isa = PBXFileReference; lastKnownFileType = wrapper.framework; name = CoreGraphics.framework; path = System/Library/Frameworks/CoreGraphics.framework; sourceTree = SDKROOT; };
		6003F591195388D20070C39A /* UIKit.framework */ = {isa = PBXFileReference; lastKnownFileType = wrapper.framework; name = UIKit.framework; path = System/Library/Frameworks/UIKit.framework; sourceTree = SDKROOT; };
		6003F595195388D20070C39A /* XJPlayerManager-Info.plist */ = {isa = PBXFileReference; lastKnownFileType = text.plist.xml; path = "XJPlayerManager-Info.plist"; sourceTree = "<group>"; };
		6003F597195388D20070C39A /* en */ = {isa = PBXFileReference; lastKnownFileType = text.plist.strings; name = en; path = en.lproj/InfoPlist.strings; sourceTree = "<group>"; };
		6003F599195388D20070C39A /* main.m */ = {isa = PBXFileReference; lastKnownFileType = sourcecode.c.objc; path = main.m; sourceTree = "<group>"; };
		6003F59B195388D20070C39A /* XJPlayerManager-Prefix.pch */ = {isa = PBXFileReference; lastKnownFileType = sourcecode.c.h; path = "XJPlayerManager-Prefix.pch"; sourceTree = "<group>"; };
		6003F59C195388D20070C39A /* XJAppDelegate.h */ = {isa = PBXFileReference; lastKnownFileType = sourcecode.c.h; path = XJAppDelegate.h; sourceTree = "<group>"; };
		6003F59D195388D20070C39A /* XJAppDelegate.m */ = {isa = PBXFileReference; lastKnownFileType = sourcecode.c.objc; path = XJAppDelegate.m; sourceTree = "<group>"; };
		6003F5A8195388D20070C39A /* Images.xcassets */ = {isa = PBXFileReference; lastKnownFileType = folder.assetcatalog; path = Images.xcassets; sourceTree = "<group>"; };
		6003F5AE195388D20070C39A /* XJPlayerManager_Tests.xctest */ = {isa = PBXFileReference; explicitFileType = wrapper.cfbundle; includeInIndex = 0; path = XJPlayerManager_Tests.xctest; sourceTree = BUILT_PRODUCTS_DIR; };
		6003F5AF195388D20070C39A /* XCTest.framework */ = {isa = PBXFileReference; lastKnownFileType = wrapper.framework; name = XCTest.framework; path = Library/Frameworks/XCTest.framework; sourceTree = DEVELOPER_DIR; };
		6003F5B7195388D20070C39A /* Tests-Info.plist */ = {isa = PBXFileReference; lastKnownFileType = text.plist.xml; path = "Tests-Info.plist"; sourceTree = "<group>"; };
		6003F5B9195388D20070C39A /* en */ = {isa = PBXFileReference; lastKnownFileType = text.plist.strings; name = en; path = en.lproj/InfoPlist.strings; sourceTree = "<group>"; };
		6003F5BB195388D20070C39A /* Tests.m */ = {isa = PBXFileReference; lastKnownFileType = sourcecode.c.objc; path = Tests.m; sourceTree = "<group>"; };
		606FC2411953D9B200FFA9A0 /* Tests-Prefix.pch */ = {isa = PBXFileReference; lastKnownFileType = sourcecode.c.h; path = "Tests-Prefix.pch"; sourceTree = "<group>"; };
		71719F9E1E33DC2100824A3D /* Base */ = {isa = PBXFileReference; lastKnownFileType = file.storyboard; name = Base; path = Base.lproj/LaunchScreen.storyboard; sourceTree = "<group>"; };
		873B8AEA1B1F5CCA007FD442 /* Main.storyboard */ = {isa = PBXFileReference; fileEncoding = 4; lastKnownFileType = file.storyboard; name = Main.storyboard; path = Base.lproj/Main.storyboard; sourceTree = "<group>"; };
		880E652A02CF22B58E06E74C /* XJPlayerManager.podspec */ = {isa = PBXFileReference; includeInIndex = 1; lastKnownFileType = text; name = XJPlayerManager.podspec; path = ../XJPlayerManager.podspec; sourceTree = "<group>"; xcLanguageSpecificationIdentifier = xcode.lang.ruby; };
		9033598022F9A059007F20CF /* DramasViewController.m */ = {isa = PBXFileReference; fileEncoding = 4; lastKnownFileType = sourcecode.c.objc; path = DramasViewController.m; sourceTree = "<group>"; };
		9033598222F9A059007F20CF /* DramaModel.h */ = {isa = PBXFileReference; fileEncoding = 4; lastKnownFileType = sourcecode.c.h; path = DramaModel.h; sourceTree = "<group>"; };
		9033598322F9A059007F20CF /* DramaModel.m */ = {isa = PBXFileReference; fileEncoding = 4; lastKnownFileType = sourcecode.c.objc; path = DramaModel.m; sourceTree = "<group>"; };
		9033598522F9A059007F20CF /* DramaCell.h */ = {isa = PBXFileReference; fileEncoding = 4; lastKnownFileType = sourcecode.c.h; path = DramaCell.h; sourceTree = "<group>"; };
		9033598622F9A059007F20CF /* DramaCell.xib */ = {isa = PBXFileReference; fileEncoding = 4; lastKnownFileType = file.xib; path = DramaCell.xib; sourceTree = "<group>"; };
		9033598722F9A059007F20CF /* DramaHeader.m */ = {isa = PBXFileReference; fileEncoding = 4; lastKnownFileType = sourcecode.c.objc; path = DramaHeader.m; sourceTree = "<group>"; };
		9033598822F9A059007F20CF /* DramaCell.m */ = {isa = PBXFileReference; fileEncoding = 4; lastKnownFileType = sourcecode.c.objc; path = DramaCell.m; sourceTree = "<group>"; };
		9033598922F9A059007F20CF /* DramaHeader.xib */ = {isa = PBXFileReference; fileEncoding = 4; lastKnownFileType = file.xib; path = DramaHeader.xib; sourceTree = "<group>"; };
		9033598A22F9A059007F20CF /* DramaHeader.h */ = {isa = PBXFileReference; fileEncoding = 4; lastKnownFileType = sourcecode.c.h; path = DramaHeader.h; sourceTree = "<group>"; };
		9033598B22F9A059007F20CF /* DramasViewController.h */ = {isa = PBXFileReference; fileEncoding = 4; lastKnownFileType = sourcecode.c.h; path = DramasViewController.h; sourceTree = "<group>"; };
		90340E012300108000B2C4E9 /* AudioToolbox.framework */ = {isa = PBXFileReference; lastKnownFileType = wrapper.framework; name = AudioToolbox.framework; path = System/Library/Frameworks/AudioToolbox.framework; sourceTree = SDKROOT; };
		9034D75F230126A4000D902C /* GoogleInteractiveMediaAds.framework */ = {isa = PBXFileReference; lastKnownFileType = wrapper.framework; path = GoogleInteractiveMediaAds.framework; sourceTree = "<group>"; };
		9034D76223017449000D902C /* XJPlayerBundleResource.h */ = {isa = PBXFileReference; lastKnownFileType = sourcecode.c.h; path = XJPlayerBundleResource.h; sourceTree = "<group>"; };
		9034D76323017449000D902C /* XJPlayerBundleResource.m */ = {isa = PBXFileReference; lastKnownFileType = sourcecode.c.objc; path = XJPlayerBundleResource.m; sourceTree = "<group>"; };
		903519C622FF080A002C9615 /* XJSlider.m */ = {isa = PBXFileReference; fileEncoding = 4; lastKnownFileType = sourcecode.c.objc; path = XJSlider.m; sourceTree = "<group>"; };
		903519C722FF080A002C9615 /* XJSlider.h */ = {isa = PBXFileReference; fileEncoding = 4; lastKnownFileType = sourcecode.c.h; path = XJSlider.h; sourceTree = "<group>"; };
		903519C922FF080A002C9615 /* XJMarkSlider.m */ = {isa = PBXFileReference; fileEncoding = 4; lastKnownFileType = sourcecode.c.objc; path = XJMarkSlider.m; sourceTree = "<group>"; };
		903519CA22FF080A002C9615 /* XJSliderTrackView.h */ = {isa = PBXFileReference; fileEncoding = 4; lastKnownFileType = sourcecode.c.h; path = XJSliderTrackView.h; sourceTree = "<group>"; };
		903519CB22FF080A002C9615 /* XJMarkSlider.h */ = {isa = PBXFileReference; fileEncoding = 4; lastKnownFileType = sourcecode.c.h; path = XJMarkSlider.h; sourceTree = "<group>"; };
		903519CC22FF080A002C9615 /* XJSliderTrackView.m */ = {isa = PBXFileReference; fileEncoding = 4; lastKnownFileType = sourcecode.c.objc; path = XJSliderTrackView.m; sourceTree = "<group>"; };
		903519CE22FF080A002C9615 /* AVPlayerView.m */ = {isa = PBXFileReference; fileEncoding = 4; lastKnownFileType = sourcecode.c.objc; path = AVPlayerView.m; sourceTree = "<group>"; };
		903519CF22FF080A002C9615 /* AVPlayerView.h */ = {isa = PBXFileReference; fileEncoding = 4; lastKnownFileType = sourcecode.c.h; path = AVPlayerView.h; sourceTree = "<group>"; };
		903519D122FF080A002C9615 /* XJPlayerControlsView.h */ = {isa = PBXFileReference; fileEncoding = 4; lastKnownFileType = sourcecode.c.h; path = XJPlayerControlsView.h; sourceTree = "<group>"; };
		903519D222FF080A002C9615 /* XJPlayerGesture.m */ = {isa = PBXFileReference; fileEncoding = 4; lastKnownFileType = sourcecode.c.objc; path = XJPlayerGesture.m; sourceTree = "<group>"; };
		903519D322FF080A002C9615 /* XJPlayerControlsView.m */ = {isa = PBXFileReference; fileEncoding = 4; lastKnownFileType = sourcecode.c.objc; path = XJPlayerControlsView.m; sourceTree = "<group>"; };
		903519D422FF080A002C9615 /* XJPlayerControlsViewDelegate.h */ = {isa = PBXFileReference; fileEncoding = 4; lastKnownFileType = sourcecode.c.h; path = XJPlayerControlsViewDelegate.h; sourceTree = "<group>"; };
		903519D522FF080A002C9615 /* XJPlayerGesture.h */ = {isa = PBXFileReference; fileEncoding = 4; lastKnownFileType = sourcecode.c.h; path = XJPlayerGesture.h; sourceTree = "<group>"; };
		903519D722FF080A002C9615 /* PlayerErrorInfoView.m */ = {isa = PBXFileReference; fileEncoding = 4; lastKnownFileType = sourcecode.c.objc; path = PlayerErrorInfoView.m; sourceTree = "<group>"; };
		903519D822FF080A002C9615 /* PlayerErrorInfoView.xib */ = {isa = PBXFileReference; fileEncoding = 4; lastKnownFileType = file.xib; path = PlayerErrorInfoView.xib; sourceTree = "<group>"; };
		903519D922FF080A002C9615 /* PlayerErrorInfoView.h */ = {isa = PBXFileReference; fileEncoding = 4; lastKnownFileType = sourcecode.c.h; path = PlayerErrorInfoView.h; sourceTree = "<group>"; };
		903519DB22FF080A002C9615 /* XJPlayerFullScreenViewController.h */ = {isa = PBXFileReference; fileEncoding = 4; lastKnownFileType = sourcecode.c.h; path = XJPlayerFullScreenViewController.h; sourceTree = "<group>"; };
		903519DC22FF080A002C9615 /* XJPlayerTransitioningDelegate.m */ = {isa = PBXFileReference; fileEncoding = 4; lastKnownFileType = sourcecode.c.objc; path = XJPlayerTransitioningDelegate.m; sourceTree = "<group>"; };
		903519DD22FF080A002C9615 /* XJPlayerAnimatedTransitioning.h */ = {isa = PBXFileReference; fileEncoding = 4; lastKnownFileType = sourcecode.c.h; path = XJPlayerAnimatedTransitioning.h; sourceTree = "<group>"; };
		903519DE22FF080A002C9615 /* XJPlayerFullScreenViewController.m */ = {isa = PBXFileReference; fileEncoding = 4; lastKnownFileType = sourcecode.c.objc; path = XJPlayerFullScreenViewController.m; sourceTree = "<group>"; };
		903519DF22FF080A002C9615 /* XJPlayerTransitioningDelegate.h */ = {isa = PBXFileReference; fileEncoding = 4; lastKnownFileType = sourcecode.c.h; path = XJPlayerTransitioningDelegate.h; sourceTree = "<group>"; };
		903519E022FF080A002C9615 /* XJPlayerAnimatedTransitioning.m */ = {isa = PBXFileReference; fileEncoding = 4; lastKnownFileType = sourcecode.c.objc; path = XJPlayerAnimatedTransitioning.m; sourceTree = "<group>"; };
		903519E222FF080A002C9615 /* UIButton+CenterSpace.h */ = {isa = PBXFileReference; fileEncoding = 4; lastKnownFileType = sourcecode.c.h; path = "UIButton+CenterSpace.h"; sourceTree = "<group>"; };
		903519E322FF080A002C9615 /* UIView+PlayerControlsView.m */ = {isa = PBXFileReference; fileEncoding = 4; lastKnownFileType = sourcecode.c.objc; path = "UIView+PlayerControlsView.m"; sourceTree = "<group>"; };
		903519E422FF080A002C9615 /* UIView+XJBasePlayerView.h */ = {isa = PBXFileReference; fileEncoding = 4; lastKnownFileType = sourcecode.c.h; path = "UIView+XJBasePlayerView.h"; sourceTree = "<group>"; };
		903519E522FF080A002C9615 /* UIButton+CenterSpace.m */ = {isa = PBXFileReference; fileEncoding = 4; lastKnownFileType = sourcecode.c.objc; path = "UIButton+CenterSpace.m"; sourceTree = "<group>"; };
		903519E622FF080A002C9615 /* UIView+XJBasePlayerView.m */ = {isa = PBXFileReference; fileEncoding = 4; lastKnownFileType = sourcecode.c.objc; path = "UIView+XJBasePlayerView.m"; sourceTree = "<group>"; };
		903519E722FF080A002C9615 /* UIView+PlayerControlsView.h */ = {isa = PBXFileReference; fileEncoding = 4; lastKnownFileType = sourcecode.c.h; path = "UIView+PlayerControlsView.h"; sourceTree = "<group>"; };
		903519E822FF080A002C9615 /* XJPlayerAdapter.h */ = {isa = PBXFileReference; fileEncoding = 4; lastKnownFileType = sourcecode.c.h; path = XJPlayerAdapter.h; sourceTree = "<group>"; };
		903519E922FF080A002C9615 /* XJPlayerManager.h */ = {isa = PBXFileReference; fileEncoding = 4; lastKnownFileType = sourcecode.c.h; path = XJPlayerManager.h; sourceTree = "<group>"; };
		903519EB22FF080A002C9615 /* YTPlayerView.h */ = {isa = PBXFileReference; fileEncoding = 4; lastKnownFileType = sourcecode.c.h; path = YTPlayerView.h; sourceTree = "<group>"; };
		903519EC22FF080A002C9615 /* YTPlayerView.m */ = {isa = PBXFileReference; fileEncoding = 4; lastKnownFileType = sourcecode.c.objc; path = YTPlayerView.m; sourceTree = "<group>"; };
		903519EE22FF080A002C9615 /* XJBufferingView.h */ = {isa = PBXFileReference; fileEncoding = 4; lastKnownFileType = sourcecode.c.h; path = XJBufferingView.h; sourceTree = "<group>"; };
		903519EF22FF080A002C9615 /* ic_buffering.psd */ = {isa = PBXFileReference; lastKnownFileType = file; path = ic_buffering.psd; sourceTree = "<group>"; };
		903519F022FF080A002C9615 /* XJBufferingView.m */ = {isa = PBXFileReference; fileEncoding = 4; lastKnownFileType = sourcecode.c.objc; path = XJBufferingView.m; sourceTree = "<group>"; };
		903519F222FF080A002C9615 /* XJPlayerModel.h */ = {isa = PBXFileReference; fileEncoding = 4; lastKnownFileType = sourcecode.c.h; path = XJPlayerModel.h; sourceTree = "<group>"; };
		903519F322FF080A002C9615 /* XJPlayerUtils.m */ = {isa = PBXFileReference; fileEncoding = 4; lastKnownFileType = sourcecode.c.objc; path = XJPlayerUtils.m; sourceTree = "<group>"; };
		903519F422FF080A002C9615 /* XJPlayerModel.m */ = {isa = PBXFileReference; fileEncoding = 4; lastKnownFileType = sourcecode.c.objc; path = XJPlayerModel.m; sourceTree = "<group>"; };
		903519F522FF080A002C9615 /* XJPlayerUtils.h */ = {isa = PBXFileReference; fileEncoding = 4; lastKnownFileType = sourcecode.c.h; path = XJPlayerUtils.h; sourceTree = "<group>"; };
		903519F722FF080A002C9615 /* XJPlayerView.m */ = {isa = PBXFileReference; fileEncoding = 4; lastKnownFileType = sourcecode.c.objc; path = XJPlayerView.m; sourceTree = "<group>"; };
		903519F822FF080A002C9615 /* XJBasePlayerViewDelegate.h */ = {isa = PBXFileReference; fileEncoding = 4; lastKnownFileType = sourcecode.c.h; path = XJBasePlayerViewDelegate.h; sourceTree = "<group>"; };
		903519F922FF080A002C9615 /* XJPlayerView.h */ = {isa = PBXFileReference; fileEncoding = 4; lastKnownFileType = sourcecode.c.h; path = XJPlayerView.h; sourceTree = "<group>"; };
		903519FA22FF080A002C9615 /* XJPlayerAdapter.m */ = {isa = PBXFileReference; fileEncoding = 4; lastKnownFileType = sourcecode.c.objc; path = XJPlayerAdapter.m; sourceTree = "<group>"; };
		903519FB22FF080A002C9615 /* XJPlayerManager.m */ = {isa = PBXFileReference; fileEncoding = 4; lastKnownFileType = sourcecode.c.objc; path = XJPlayerManager.m; sourceTree = "<group>"; };
		903519FD22FF080A002C9615 /* XJPlayerAdManager.h */ = {isa = PBXFileReference; fileEncoding = 4; lastKnownFileType = sourcecode.c.h; path = XJPlayerAdManager.h; sourceTree = "<group>"; };
		903519FE22FF080A002C9615 /* XJPlayerAdManager.m */ = {isa = PBXFileReference; fileEncoding = 4; lastKnownFileType = sourcecode.c.objc; path = XJPlayerAdManager.m; sourceTree = "<group>"; };
		90351A1722FF1EDB002C9615 /* FBAudienceNetwork.framework */ = {isa = PBXFileReference; lastKnownFileType = wrapper.framework; name = FBAudienceNetwork.framework; path = ../XJPlayerManager/Frameworks/FBAudienceNetwork.framework; sourceTree = "<group>"; };
		90351A1922FF1EEB002C9615 /* GoogleInteractiveMediaAds.framework */ = {isa = PBXFileReference; lastKnownFileType = wrapper.framework; name = GoogleInteractiveMediaAds.framework; path = ../XJPlayerManager/Frameworks/GoogleInteractiveMediaAds.framework; sourceTree = "<group>"; };
		903F917522F44CE70001B44F /* UINavigationController+Portrait.m */ = {isa = PBXFileReference; fileEncoding = 4; lastKnownFileType = sourcecode.c.objc; path = "UINavigationController+Portrait.m"; sourceTree = "<group>"; };
		903F917622F44CE80001B44F /* UINavigationController+Portrait.h */ = {isa = PBXFileReference; fileEncoding = 4; lastKnownFileType = sourcecode.c.h; path = "UINavigationController+Portrait.h"; sourceTree = "<group>"; };
		903F922A22F56AD00001B44F /* AlbumsViewController.h */ = {isa = PBXFileReference; fileEncoding = 4; lastKnownFileType = sourcecode.c.h; path = AlbumsViewController.h; sourceTree = "<group>"; };
		903F922B22F56AD00001B44F /* AlbumsViewController.m */ = {isa = PBXFileReference; fileEncoding = 4; lastKnownFileType = sourcecode.c.objc; path = AlbumsViewController.m; sourceTree = "<group>"; };
		903F922D22F56AD00001B44F /* AlbumModel.h */ = {isa = PBXFileReference; fileEncoding = 4; lastKnownFileType = sourcecode.c.h; path = AlbumModel.h; sourceTree = "<group>"; };
		903F922E22F56AD00001B44F /* AlbumModel.m */ = {isa = PBXFileReference; fileEncoding = 4; lastKnownFileType = sourcecode.c.objc; path = AlbumModel.m; sourceTree = "<group>"; };
		903F923022F56AD00001B44F /* AlbumHeader.m */ = {isa = PBXFileReference; fileEncoding = 4; lastKnownFileType = sourcecode.c.objc; path = AlbumHeader.m; sourceTree = "<group>"; };
		903F923122F56AD00001B44F /* AlbumCell.xib */ = {isa = PBXFileReference; fileEncoding = 4; lastKnownFileType = file.xib; path = AlbumCell.xib; sourceTree = "<group>"; };
		903F923222F56AD00001B44F /* AlbumCell.h */ = {isa = PBXFileReference; fileEncoding = 4; lastKnownFileType = sourcecode.c.h; path = AlbumCell.h; sourceTree = "<group>"; };
		903F923322F56AD00001B44F /* AlbumHeader.h */ = {isa = PBXFileReference; fileEncoding = 4; lastKnownFileType = sourcecode.c.h; path = AlbumHeader.h; sourceTree = "<group>"; };
		903F923422F56AD00001B44F /* AlbumHeader.xib */ = {isa = PBXFileReference; fileEncoding = 4; lastKnownFileType = file.xib; path = AlbumHeader.xib; sourceTree = "<group>"; };
		903F923522F56AD00001B44F /* AlbumCell.m */ = {isa = PBXFileReference; fileEncoding = 4; lastKnownFileType = sourcecode.c.objc; path = AlbumCell.m; sourceTree = "<group>"; };
		C1B969E6426D19CF3740A7CE /* Pods_XJPlayerManager_Tests.framework */ = {isa = PBXFileReference; explicitFileType = wrapper.framework; includeInIndex = 0; path = Pods_XJPlayerManager_Tests.framework; sourceTree = BUILT_PRODUCTS_DIR; };
		E1375CB9AACE96D4D2EBC71D /* README.md */ = {isa = PBXFileReference; includeInIndex = 1; lastKnownFileType = net.daringfireball.markdown; name = README.md; path = ../README.md; sourceTree = "<group>"; };
/* End PBXFileReference section */

/* Begin PBXFrameworksBuildPhase section */
		6003F587195388D20070C39A /* Frameworks */ = {
			isa = PBXFrameworksBuildPhase;
			buildActionMask = 2147483647;
			files = (
				6003F590195388D20070C39A /* CoreGraphics.framework in Frameworks */,
				6003F592195388D20070C39A /* UIKit.framework in Frameworks */,
				6003F58E195388D20070C39A /* Foundation.framework in Frameworks */,
				6DD90813D21E298A945BC082 /* Pods_XJPlayerManager_Example.framework in Frameworks */,
			);
			runOnlyForDeploymentPostprocessing = 0;
		};
		6003F5AB195388D20070C39A /* Frameworks */ = {
			isa = PBXFrameworksBuildPhase;
			buildActionMask = 2147483647;
			files = (
				6003F5B0195388D20070C39A /* XCTest.framework in Frameworks */,
				6003F5B2195388D20070C39A /* UIKit.framework in Frameworks */,
				6003F5B1195388D20070C39A /* Foundation.framework in Frameworks */,
				132ED9EE2F21B084804C8ADC /* Pods_XJPlayerManager_Tests.framework in Frameworks */,
			);
			runOnlyForDeploymentPostprocessing = 0;
		};
/* End PBXFrameworksBuildPhase section */

/* Begin PBXGroup section */
		59F560E3099C754C64AF68E4 /* Pods */ = {
			isa = PBXGroup;
			children = (
				4570324A5239844CB7A82994 /* Pods-XJPlayerManager_Example.debug.xcconfig */,
				02E95F4C3F868D9F209BA377 /* Pods-XJPlayerManager_Example.release.xcconfig */,
				26D86BB9C25E21F6F3F2B22E /* Pods-XJPlayerManager_Tests.debug.xcconfig */,
				2E1A27474FC91E6D19451074 /* Pods-XJPlayerManager_Tests.release.xcconfig */,
			);
			path = Pods;
			sourceTree = "<group>";
		};
		6003F581195388D10070C39A = {
			isa = PBXGroup;
			children = (
				60FF7A9C1954A5C5007DD14C /* Podspec Metadata */,
				6003F593195388D20070C39A /* Example for XJPlayerManager */,
				6003F5B5195388D20070C39A /* Tests */,
				6003F58C195388D20070C39A /* Frameworks */,
				6003F58B195388D20070C39A /* Products */,
				59F560E3099C754C64AF68E4 /* Pods */,
			);
			sourceTree = "<group>";
		};
		6003F58B195388D20070C39A /* Products */ = {
			isa = PBXGroup;
			children = (
				6003F58A195388D20070C39A /* XJPlayerManager_Example.app */,
				6003F5AE195388D20070C39A /* XJPlayerManager_Tests.xctest */,
			);
			name = Products;
			sourceTree = "<group>";
		};
		6003F58C195388D20070C39A /* Frameworks */ = {
			isa = PBXGroup;
			children = (
				9034D75E230126A4000D902C /* GoogleAds-IMA-iOS-SDK */,
				90340E012300108000B2C4E9 /* AudioToolbox.framework */,
				90351A1922FF1EEB002C9615 /* GoogleInteractiveMediaAds.framework */,
				90351A1722FF1EDB002C9615 /* FBAudienceNetwork.framework */,
				6003F58D195388D20070C39A /* Foundation.framework */,
				6003F58F195388D20070C39A /* CoreGraphics.framework */,
				6003F591195388D20070C39A /* UIKit.framework */,
				6003F5AF195388D20070C39A /* XCTest.framework */,
				06DA849D386E2AC5A6E5561E /* Pods_XJPlayerManager_Example.framework */,
				C1B969E6426D19CF3740A7CE /* Pods_XJPlayerManager_Tests.framework */,
			);
			name = Frameworks;
			sourceTree = "<group>";
		};
		6003F593195388D20070C39A /* Example for XJPlayerManager */ = {
			isa = PBXGroup;
			children = (
				903519C322FF080A002C9615 /* Classes */,
				6003F59C195388D20070C39A /* XJAppDelegate.h */,
				6003F59D195388D20070C39A /* XJAppDelegate.m */,
				9033597F22F9A059007F20CF /* Drama */,
				903F922922F56AD00001B44F /* Albums */,
				903F917622F44CE80001B44F /* UINavigationController+Portrait.h */,
				903F917522F44CE70001B44F /* UINavigationController+Portrait.m */,
				873B8AEA1B1F5CCA007FD442 /* Main.storyboard */,
				71719F9D1E33DC2100824A3D /* LaunchScreen.storyboard */,
				6003F5A8195388D20070C39A /* Images.xcassets */,
				6003F594195388D20070C39A /* Supporting Files */,
			);
			name = "Example for XJPlayerManager";
			path = XJPlayerManager;
			sourceTree = "<group>";
		};
		6003F594195388D20070C39A /* Supporting Files */ = {
			isa = PBXGroup;
			children = (
				6003F595195388D20070C39A /* XJPlayerManager-Info.plist */,
				6003F596195388D20070C39A /* InfoPlist.strings */,
				6003F599195388D20070C39A /* main.m */,
				6003F59B195388D20070C39A /* XJPlayerManager-Prefix.pch */,
			);
			name = "Supporting Files";
			sourceTree = "<group>";
		};
		6003F5B5195388D20070C39A /* Tests */ = {
			isa = PBXGroup;
			children = (
				6003F5BB195388D20070C39A /* Tests.m */,
				6003F5B6195388D20070C39A /* Supporting Files */,
			);
			path = Tests;
			sourceTree = "<group>";
		};
		6003F5B6195388D20070C39A /* Supporting Files */ = {
			isa = PBXGroup;
			children = (
				6003F5B7195388D20070C39A /* Tests-Info.plist */,
				6003F5B8195388D20070C39A /* InfoPlist.strings */,
				606FC2411953D9B200FFA9A0 /* Tests-Prefix.pch */,
			);
			name = "Supporting Files";
			sourceTree = "<group>";
		};
		60FF7A9C1954A5C5007DD14C /* Podspec Metadata */ = {
			isa = PBXGroup;
			children = (
				880E652A02CF22B58E06E74C /* XJPlayerManager.podspec */,
				E1375CB9AACE96D4D2EBC71D /* README.md */,
				5009222321C4E054FBCBC2CA /* LICENSE */,
			);
			name = "Podspec Metadata";
			sourceTree = "<group>";
		};
		9033597F22F9A059007F20CF /* Drama */ = {
			isa = PBXGroup;
			children = (
				9033598B22F9A059007F20CF /* DramasViewController.h */,
				9033598022F9A059007F20CF /* DramasViewController.m */,
				9033598122F9A059007F20CF /* Model */,
				9033598422F9A059007F20CF /* View */,
			);
			path = Drama;
			sourceTree = "<group>";
		};
		9033598122F9A059007F20CF /* Model */ = {
			isa = PBXGroup;
			children = (
				9033598222F9A059007F20CF /* DramaModel.h */,
				9033598322F9A059007F20CF /* DramaModel.m */,
			);
			path = Model;
			sourceTree = "<group>";
		};
		9033598422F9A059007F20CF /* View */ = {
			isa = PBXGroup;
			children = (
				9033598522F9A059007F20CF /* DramaCell.h */,
				9033598822F9A059007F20CF /* DramaCell.m */,
				9033598622F9A059007F20CF /* DramaCell.xib */,
				9033598A22F9A059007F20CF /* DramaHeader.h */,
				9033598722F9A059007F20CF /* DramaHeader.m */,
				9033598922F9A059007F20CF /* DramaHeader.xib */,
			);
			path = View;
			sourceTree = "<group>";
		};
		9034D75E230126A4000D902C /* GoogleAds-IMA-iOS-SDK */ = {
			isa = PBXGroup;
			children = (
				9034D75F230126A4000D902C /* GoogleInteractiveMediaAds.framework */,
			);
			name = "GoogleAds-IMA-iOS-SDK";
			path = "Pods/GoogleAds-IMA-iOS-SDK";
			sourceTree = "<group>";
		};
		9034D76123017402000D902C /* XJPlayerBundleResource */ = {
			isa = PBXGroup;
			children = (
				9034D76223017449000D902C /* XJPlayerBundleResource.h */,
				9034D76323017449000D902C /* XJPlayerBundleResource.m */,
			);
			path = XJPlayerBundleResource;
			sourceTree = "<group>";
		};
		903519C322FF080A002C9615 /* Classes */ = {
			isa = PBXGroup;
			children = (
				903519C422FF080A002C9615 /* XJPlayerManager */,
				903519FC22FF080A002C9615 /* XJPlayerAdManager */,
			);
			name = Classes;
			path = ../../XJPlayerManager/Classes;
			sourceTree = "<group>";
		};
		903519C422FF080A002C9615 /* XJPlayerManager */ = {
			isa = PBXGroup;
			children = (
				9034D76123017402000D902C /* XJPlayerBundleResource */,
				903519CD22FF080A002C9615 /* AVPlayerView */,
				903519C522FF080A002C9615 /* XJSlider */,
				903519D022FF080A002C9615 /* XJPlayerControlsView */,
				903519DA22FF080A002C9615 /* XJPlayerTransition */,
				903519E122FF080A002C9615 /* Category */,
				903519EA22FF080A002C9615 /* YTPlayerView */,
				903519ED22FF080A002C9615 /* XJBufferingView */,
				903519F122FF080A002C9615 /* Model */,
				903519F622FF080A002C9615 /* XJPlayerView */,
				903519E822FF080A002C9615 /* XJPlayerAdapter.h */,
				903519FA22FF080A002C9615 /* XJPlayerAdapter.m */,
				903519E922FF080A002C9615 /* XJPlayerManager.h */,
				903519FB22FF080A002C9615 /* XJPlayerManager.m */,
			);
			path = XJPlayerManager;
			sourceTree = "<group>";
		};
		903519C522FF080A002C9615 /* XJSlider */ = {
			isa = PBXGroup;
			children = (
				903519C722FF080A002C9615 /* XJSlider.h */,
				903519C622FF080A002C9615 /* XJSlider.m */,
				903519C822FF080A002C9615 /* XJSliderTrackView */,
			);
			path = XJSlider;
			sourceTree = "<group>";
		};
		903519C822FF080A002C9615 /* XJSliderTrackView */ = {
			isa = PBXGroup;
			children = (
				903519C922FF080A002C9615 /* XJMarkSlider.m */,
				903519CA22FF080A002C9615 /* XJSliderTrackView.h */,
				903519CB22FF080A002C9615 /* XJMarkSlider.h */,
				903519CC22FF080A002C9615 /* XJSliderTrackView.m */,
			);
			path = XJSliderTrackView;
			sourceTree = "<group>";
		};
		903519CD22FF080A002C9615 /* AVPlayerView */ = {
			isa = PBXGroup;
			children = (
				903519CF22FF080A002C9615 /* AVPlayerView.h */,
				903519CE22FF080A002C9615 /* AVPlayerView.m */,
			);
			path = AVPlayerView;
			sourceTree = "<group>";
		};
		903519D022FF080A002C9615 /* XJPlayerControlsView */ = {
			isa = PBXGroup;
			children = (
				903519D122FF080A002C9615 /* XJPlayerControlsView.h */,
				903519D222FF080A002C9615 /* XJPlayerGesture.m */,
				903519D322FF080A002C9615 /* XJPlayerControlsView.m */,
				903519D422FF080A002C9615 /* XJPlayerControlsViewDelegate.h */,
				903519D522FF080A002C9615 /* XJPlayerGesture.h */,
				903519D622FF080A002C9615 /* PlayerErrorInfoView */,
			);
			path = XJPlayerControlsView;
			sourceTree = "<group>";
		};
		903519D622FF080A002C9615 /* PlayerErrorInfoView */ = {
			isa = PBXGroup;
			children = (
				903519D722FF080A002C9615 /* PlayerErrorInfoView.m */,
				903519D822FF080A002C9615 /* PlayerErrorInfoView.xib */,
				903519D922FF080A002C9615 /* PlayerErrorInfoView.h */,
			);
			path = PlayerErrorInfoView;
			sourceTree = "<group>";
		};
		903519DA22FF080A002C9615 /* XJPlayerTransition */ = {
			isa = PBXGroup;
			children = (
				903519DB22FF080A002C9615 /* XJPlayerFullScreenViewController.h */,
				903519DC22FF080A002C9615 /* XJPlayerTransitioningDelegate.m */,
				903519DD22FF080A002C9615 /* XJPlayerAnimatedTransitioning.h */,
				903519DE22FF080A002C9615 /* XJPlayerFullScreenViewController.m */,
				903519DF22FF080A002C9615 /* XJPlayerTransitioningDelegate.h */,
				903519E022FF080A002C9615 /* XJPlayerAnimatedTransitioning.m */,
			);
			path = XJPlayerTransition;
			sourceTree = "<group>";
		};
		903519E122FF080A002C9615 /* Category */ = {
			isa = PBXGroup;
			children = (
				903519E222FF080A002C9615 /* UIButton+CenterSpace.h */,
				903519E322FF080A002C9615 /* UIView+PlayerControlsView.m */,
				903519E422FF080A002C9615 /* UIView+XJBasePlayerView.h */,
				903519E522FF080A002C9615 /* UIButton+CenterSpace.m */,
				903519E622FF080A002C9615 /* UIView+XJBasePlayerView.m */,
				903519E722FF080A002C9615 /* UIView+PlayerControlsView.h */,
			);
			path = Category;
			sourceTree = "<group>";
		};
		903519EA22FF080A002C9615 /* YTPlayerView */ = {
			isa = PBXGroup;
			children = (
				903519EB22FF080A002C9615 /* YTPlayerView.h */,
				903519EC22FF080A002C9615 /* YTPlayerView.m */,
			);
			path = YTPlayerView;
			sourceTree = "<group>";
		};
		903519ED22FF080A002C9615 /* XJBufferingView */ = {
			isa = PBXGroup;
			children = (
				903519EE22FF080A002C9615 /* XJBufferingView.h */,
				903519EF22FF080A002C9615 /* ic_buffering.psd */,
				903519F022FF080A002C9615 /* XJBufferingView.m */,
			);
			path = XJBufferingView;
			sourceTree = "<group>";
		};
		903519F122FF080A002C9615 /* Model */ = {
			isa = PBXGroup;
			children = (
				903519F222FF080A002C9615 /* XJPlayerModel.h */,
				903519F322FF080A002C9615 /* XJPlayerUtils.m */,
				903519F422FF080A002C9615 /* XJPlayerModel.m */,
				903519F522FF080A002C9615 /* XJPlayerUtils.h */,
			);
			path = Model;
			sourceTree = "<group>";
		};
		903519F622FF080A002C9615 /* XJPlayerView */ = {
			isa = PBXGroup;
			children = (
				903519F722FF080A002C9615 /* XJPlayerView.m */,
				903519F822FF080A002C9615 /* XJBasePlayerViewDelegate.h */,
				903519F922FF080A002C9615 /* XJPlayerView.h */,
			);
			path = XJPlayerView;
			sourceTree = "<group>";
		};
		903519FC22FF080A002C9615 /* XJPlayerAdManager */ = {
			isa = PBXGroup;
			children = (
				903519FD22FF080A002C9615 /* XJPlayerAdManager.h */,
				903519FE22FF080A002C9615 /* XJPlayerAdManager.m */,
			);
			path = XJPlayerAdManager;
			sourceTree = "<group>";
		};
		903F922922F56AD00001B44F /* Albums */ = {
			isa = PBXGroup;
			children = (
				903F922A22F56AD00001B44F /* AlbumsViewController.h */,
				903F922B22F56AD00001B44F /* AlbumsViewController.m */,
				903F922C22F56AD00001B44F /* Model */,
				903F922F22F56AD00001B44F /* View */,
			);
			path = Albums;
			sourceTree = "<group>";
		};
		903F922C22F56AD00001B44F /* Model */ = {
			isa = PBXGroup;
			children = (
				903F922D22F56AD00001B44F /* AlbumModel.h */,
				903F922E22F56AD00001B44F /* AlbumModel.m */,
			);
			path = Model;
			sourceTree = "<group>";
		};
		903F922F22F56AD00001B44F /* View */ = {
			isa = PBXGroup;
			children = (
				903F923222F56AD00001B44F /* AlbumCell.h */,
				903F923522F56AD00001B44F /* AlbumCell.m */,
				903F923122F56AD00001B44F /* AlbumCell.xib */,
				903F923322F56AD00001B44F /* AlbumHeader.h */,
				903F923022F56AD00001B44F /* AlbumHeader.m */,
				903F923422F56AD00001B44F /* AlbumHeader.xib */,
			);
			path = View;
			sourceTree = "<group>";
		};
/* End PBXGroup section */

/* Begin PBXNativeTarget section */
		6003F589195388D20070C39A /* XJPlayerManager_Example */ = {
			isa = PBXNativeTarget;
			buildConfigurationList = 6003F5BF195388D20070C39A /* Build configuration list for PBXNativeTarget "XJPlayerManager_Example" */;
			buildPhases = (
				EE98DE053A7AAF6612DFE0C4 /* [CP] Check Pods Manifest.lock */,
				6003F586195388D20070C39A /* Sources */,
				6003F587195388D20070C39A /* Frameworks */,
				6003F588195388D20070C39A /* Resources */,
				F5DD7F8FFEEF8F08057293D8 /* [CP] Embed Pods Frameworks */,
			);
			buildRules = (
			);
			dependencies = (
			);
			name = XJPlayerManager_Example;
			productName = XJPlayerManager;
			productReference = 6003F58A195388D20070C39A /* XJPlayerManager_Example.app */;
			productType = "com.apple.product-type.application";
		};
		6003F5AD195388D20070C39A /* XJPlayerManager_Tests */ = {
			isa = PBXNativeTarget;
			buildConfigurationList = 6003F5C2195388D20070C39A /* Build configuration list for PBXNativeTarget "XJPlayerManager_Tests" */;
			buildPhases = (
				6C151F61A3D420547F84F5B2 /* [CP] Check Pods Manifest.lock */,
				6003F5AA195388D20070C39A /* Sources */,
				6003F5AB195388D20070C39A /* Frameworks */,
				6003F5AC195388D20070C39A /* Resources */,
			);
			buildRules = (
			);
			dependencies = (
				6003F5B4195388D20070C39A /* PBXTargetDependency */,
			);
			name = XJPlayerManager_Tests;
			productName = XJPlayerManagerTests;
			productReference = 6003F5AE195388D20070C39A /* XJPlayerManager_Tests.xctest */;
			productType = "com.apple.product-type.bundle.unit-test";
		};
/* End PBXNativeTarget section */

/* Begin PBXProject section */
		6003F582195388D10070C39A /* Project object */ = {
			isa = PBXProject;
			attributes = {
				CLASSPREFIX = XJ;
				LastUpgradeCheck = 0720;
				ORGANIZATIONNAME = xjimi;
				TargetAttributes = {
					6003F589195388D20070C39A = {
						DevelopmentTeam = 4X5X5XJA6V;
					};
					6003F5AD195388D20070C39A = {
						TestTargetID = 6003F589195388D20070C39A;
					};
				};
			};
			buildConfigurationList = 6003F585195388D10070C39A /* Build configuration list for PBXProject "XJPlayerManager" */;
			compatibilityVersion = "Xcode 3.2";
			developmentRegion = English;
			hasScannedForEncodings = 0;
			knownRegions = (
				English,
				en,
				Base,
			);
			mainGroup = 6003F581195388D10070C39A;
			productRefGroup = 6003F58B195388D20070C39A /* Products */;
			projectDirPath = "";
			projectRoot = "";
			targets = (
				6003F589195388D20070C39A /* XJPlayerManager_Example */,
				6003F5AD195388D20070C39A /* XJPlayerManager_Tests */,
			);
		};
/* End PBXProject section */

/* Begin PBXResourcesBuildPhase section */
		6003F588195388D20070C39A /* Resources */ = {
			isa = PBXResourcesBuildPhase;
			buildActionMask = 2147483647;
			files = (
				90351A0622FF080A002C9615 /* PlayerErrorInfoView.xib in Resources */,
				9033598E22F9A059007F20CF /* DramaCell.xib in Resources */,
				90351A0E22FF080A002C9615 /* ic_buffering.psd in Resources */,
				903F923A22F56AD00001B44F /* AlbumHeader.xib in Resources */,
				873B8AEB1B1F5CCA007FD442 /* Main.storyboard in Resources */,
				9033599122F9A059007F20CF /* DramaHeader.xib in Resources */,
				903F923922F56AD00001B44F /* AlbumCell.xib in Resources */,
				71719F9F1E33DC2100824A3D /* LaunchScreen.storyboard in Resources */,
				6003F5A9195388D20070C39A /* Images.xcassets in Resources */,
			);
			runOnlyForDeploymentPostprocessing = 0;
		};
		6003F5AC195388D20070C39A /* Resources */ = {
			isa = PBXResourcesBuildPhase;
			buildActionMask = 2147483647;
			files = (
				6003F5BA195388D20070C39A /* InfoPlist.strings in Resources */,
			);
			runOnlyForDeploymentPostprocessing = 0;
		};
/* End PBXResourcesBuildPhase section */

/* Begin PBXShellScriptBuildPhase section */
		6C151F61A3D420547F84F5B2 /* [CP] Check Pods Manifest.lock */ = {
			isa = PBXShellScriptBuildPhase;
			buildActionMask = 2147483647;
			files = (
			);
			inputFileListPaths = (
			);
			inputPaths = (
				"${PODS_PODFILE_DIR_PATH}/Podfile.lock",
				"${PODS_ROOT}/Manifest.lock",
			);
			name = "[CP] Check Pods Manifest.lock";
			outputFileListPaths = (
			);
			outputPaths = (
				"$(DERIVED_FILE_DIR)/Pods-XJPlayerManager_Tests-checkManifestLockResult.txt",
			);
			runOnlyForDeploymentPostprocessing = 0;
			shellPath = /bin/sh;
			shellScript = "diff \"${PODS_PODFILE_DIR_PATH}/Podfile.lock\" \"${PODS_ROOT}/Manifest.lock\" > /dev/null\nif [ $? != 0 ] ; then\n    # print error to STDERR\n    echo \"error: The sandbox is not in sync with the Podfile.lock. Run 'pod install' or update your CocoaPods installation.\" >&2\n    exit 1\nfi\n# This output is used by Xcode 'outputs' to avoid re-running this script phase.\necho \"SUCCESS\" > \"${SCRIPT_OUTPUT_FILE_0}\"\n";
			showEnvVarsInLog = 0;
		};
		EE98DE053A7AAF6612DFE0C4 /* [CP] Check Pods Manifest.lock */ = {
			isa = PBXShellScriptBuildPhase;
			buildActionMask = 2147483647;
			files = (
			);
			inputFileListPaths = (
			);
			inputPaths = (
				"${PODS_PODFILE_DIR_PATH}/Podfile.lock",
				"${PODS_ROOT}/Manifest.lock",
			);
			name = "[CP] Check Pods Manifest.lock";
			outputFileListPaths = (
			);
			outputPaths = (
				"$(DERIVED_FILE_DIR)/Pods-XJPlayerManager_Example-checkManifestLockResult.txt",
			);
			runOnlyForDeploymentPostprocessing = 0;
			shellPath = /bin/sh;
			shellScript = "diff \"${PODS_PODFILE_DIR_PATH}/Podfile.lock\" \"${PODS_ROOT}/Manifest.lock\" > /dev/null\nif [ $? != 0 ] ; then\n    # print error to STDERR\n    echo \"error: The sandbox is not in sync with the Podfile.lock. Run 'pod install' or update your CocoaPods installation.\" >&2\n    exit 1\nfi\n# This output is used by Xcode 'outputs' to avoid re-running this script phase.\necho \"SUCCESS\" > \"${SCRIPT_OUTPUT_FILE_0}\"\n";
			showEnvVarsInLog = 0;
		};
		F5DD7F8FFEEF8F08057293D8 /* [CP] Embed Pods Frameworks */ = {
			isa = PBXShellScriptBuildPhase;
			buildActionMask = 2147483647;
			files = (
			);
			inputPaths = (
				"${PODS_ROOT}/Target Support Files/Pods-XJPlayerManager_Example/Pods-XJPlayerManager_Example-frameworks.sh",
				"${BUILT_PRODUCTS_DIR}/DZNEmptyDataSet/DZNEmptyDataSet.framework",
				"${PODS_ROOT}/GoogleAds-IMA-iOS-SDK/GoogleInteractiveMediaAds.framework",
				"${BUILT_PRODUCTS_DIR}/Masonry/Masonry.framework",
				"${BUILT_PRODUCTS_DIR}/Reachability/Reachability.framework",
				"${BUILT_PRODUCTS_DIR}/XJCollectionViewManager/XJCollectionViewManager.framework",
				"${BUILT_PRODUCTS_DIR}/XJPlayerManager/XJPlayerManager.framework",
				"${BUILT_PRODUCTS_DIR}/XJScrollViewStateManager/XJScrollViewStateManager.framework",
				"${BUILT_PRODUCTS_DIR}/XJTableViewManager/XJTableViewManager.framework",
				"${BUILT_PRODUCTS_DIR}/XJUtil/XJUtil.framework",
				"${BUILT_PRODUCTS_DIR}/YoutubePlayer-in-WKWebView/YoutubePlayer_in_WKWebView.framework",
			);
			name = "[CP] Embed Pods Frameworks";
			outputPaths = (
				"${TARGET_BUILD_DIR}/${FRAMEWORKS_FOLDER_PATH}/DZNEmptyDataSet.framework",
				"${TARGET_BUILD_DIR}/${FRAMEWORKS_FOLDER_PATH}/GoogleInteractiveMediaAds.framework",
				"${TARGET_BUILD_DIR}/${FRAMEWORKS_FOLDER_PATH}/Masonry.framework",
				"${TARGET_BUILD_DIR}/${FRAMEWORKS_FOLDER_PATH}/Reachability.framework",
				"${TARGET_BUILD_DIR}/${FRAMEWORKS_FOLDER_PATH}/XJCollectionViewManager.framework",
				"${TARGET_BUILD_DIR}/${FRAMEWORKS_FOLDER_PATH}/XJPlayerManager.framework",
				"${TARGET_BUILD_DIR}/${FRAMEWORKS_FOLDER_PATH}/XJScrollViewStateManager.framework",
				"${TARGET_BUILD_DIR}/${FRAMEWORKS_FOLDER_PATH}/XJTableViewManager.framework",
				"${TARGET_BUILD_DIR}/${FRAMEWORKS_FOLDER_PATH}/XJUtil.framework",
				"${TARGET_BUILD_DIR}/${FRAMEWORKS_FOLDER_PATH}/YoutubePlayer_in_WKWebView.framework",
			);
			runOnlyForDeploymentPostprocessing = 0;
			shellPath = /bin/sh;
			shellScript = "\"${PODS_ROOT}/Target Support Files/Pods-XJPlayerManager_Example/Pods-XJPlayerManager_Example-frameworks.sh\"\n";
			showEnvVarsInLog = 0;
		};
/* End PBXShellScriptBuildPhase section */

/* Begin PBXSourcesBuildPhase section */
		6003F586195388D20070C39A /* Sources */ = {
			isa = PBXSourcesBuildPhase;
			buildActionMask = 2147483647;
			files = (
				90351A1422FF080A002C9615 /* XJPlayerManager.m in Sources */,
				9033599022F9A059007F20CF /* DramaCell.m in Sources */,
				90351A0022FF080A002C9615 /* XJMarkSlider.m in Sources */,
				90351A0522FF080A002C9615 /* PlayerErrorInfoView.m in Sources */,
				9034D76423017449000D902C /* XJPlayerBundleResource.m in Sources */,
				9033598F22F9A059007F20CF /* DramaHeader.m in Sources */,
				903519FF22FF080A002C9615 /* XJSlider.m in Sources */,
				90351A0222FF080A002C9615 /* AVPlayerView.m in Sources */,
				90351A1122FF080A002C9615 /* XJPlayerModel.m in Sources */,
				903F923B22F56AD00001B44F /* AlbumCell.m in Sources */,
				9033598C22F9A059007F20CF /* DramasViewController.m in Sources */,
				903F923622F56AD00001B44F /* AlbumsViewController.m in Sources */,
				6003F59E195388D20070C39A /* XJAppDelegate.m in Sources */,
				90351A0822FF080A002C9615 /* XJPlayerFullScreenViewController.m in Sources */,
				90351A0F22FF080A002C9615 /* XJBufferingView.m in Sources */,
				903F917722F44CE80001B44F /* UINavigationController+Portrait.m in Sources */,
				90351A0322FF080A002C9615 /* XJPlayerGesture.m in Sources */,
				90351A0C22FF080A002C9615 /* UIView+XJBasePlayerView.m in Sources */,
				90351A1322FF080A002C9615 /* XJPlayerAdapter.m in Sources */,
				90351A0422FF080A002C9615 /* XJPlayerControlsView.m in Sources */,
				90351A0722FF080A002C9615 /* XJPlayerTransitioningDelegate.m in Sources */,
				90351A0B22FF080A002C9615 /* UIButton+CenterSpace.m in Sources */,
				90351A1222FF080A002C9615 /* XJPlayerView.m in Sources */,
				90351A0922FF080A002C9615 /* XJPlayerAnimatedTransitioning.m in Sources */,
				90351A1022FF080A002C9615 /* XJPlayerUtils.m in Sources */,
				90351A0A22FF080A002C9615 /* UIView+PlayerControlsView.m in Sources */,
				9033598D22F9A059007F20CF /* DramaModel.m in Sources */,
				6003F59A195388D20070C39A /* main.m in Sources */,
				903F923822F56AD00001B44F /* AlbumHeader.m in Sources */,
				903F923722F56AD00001B44F /* AlbumModel.m in Sources */,
				90351A0D22FF080A002C9615 /* YTPlayerView.m in Sources */,
				90351A0122FF080A002C9615 /* XJSliderTrackView.m in Sources */,
			);
			runOnlyForDeploymentPostprocessing = 0;
		};
		6003F5AA195388D20070C39A /* Sources */ = {
			isa = PBXSourcesBuildPhase;
			buildActionMask = 2147483647;
			files = (
				6003F5BC195388D20070C39A /* Tests.m in Sources */,
			);
			runOnlyForDeploymentPostprocessing = 0;
		};
/* End PBXSourcesBuildPhase section */

/* Begin PBXTargetDependency section */
		6003F5B4195388D20070C39A /* PBXTargetDependency */ = {
			isa = PBXTargetDependency;
			target = 6003F589195388D20070C39A /* XJPlayerManager_Example */;
			targetProxy = 6003F5B3195388D20070C39A /* PBXContainerItemProxy */;
		};
/* End PBXTargetDependency section */

/* Begin PBXVariantGroup section */
		6003F596195388D20070C39A /* InfoPlist.strings */ = {
			isa = PBXVariantGroup;
			children = (
				6003F597195388D20070C39A /* en */,
			);
			name = InfoPlist.strings;
			sourceTree = "<group>";
		};
		6003F5B8195388D20070C39A /* InfoPlist.strings */ = {
			isa = PBXVariantGroup;
			children = (
				6003F5B9195388D20070C39A /* en */,
			);
			name = InfoPlist.strings;
			sourceTree = "<group>";
		};
		71719F9D1E33DC2100824A3D /* LaunchScreen.storyboard */ = {
			isa = PBXVariantGroup;
			children = (
				71719F9E1E33DC2100824A3D /* Base */,
			);
			name = LaunchScreen.storyboard;
			sourceTree = "<group>";
		};
/* End PBXVariantGroup section */

/* Begin XCBuildConfiguration section */
		6003F5BD195388D20070C39A /* Debug */ = {
			isa = XCBuildConfiguration;
			buildSettings = {
				ALWAYS_SEARCH_USER_PATHS = NO;
				CLANG_CXX_LANGUAGE_STANDARD = "gnu++0x";
				CLANG_CXX_LIBRARY = "libc++";
				CLANG_ENABLE_MODULES = YES;
				CLANG_ENABLE_OBJC_ARC = YES;
				CLANG_WARN_BOOL_CONVERSION = YES;
				CLANG_WARN_CONSTANT_CONVERSION = YES;
				CLANG_WARN_DIRECT_OBJC_ISA_USAGE = YES_ERROR;
				CLANG_WARN_EMPTY_BODY = YES;
				CLANG_WARN_ENUM_CONVERSION = YES;
				CLANG_WARN_INT_CONVERSION = YES;
				CLANG_WARN_OBJC_ROOT_CLASS = YES_ERROR;
				CLANG_WARN__DUPLICATE_METHOD_MATCH = YES;
				"CODE_SIGN_IDENTITY[sdk=iphoneos*]" = "iPhone Developer";
				COPY_PHASE_STRIP = NO;
				ENABLE_TESTABILITY = YES;
				GCC_C_LANGUAGE_STANDARD = gnu99;
				GCC_DYNAMIC_NO_PIC = NO;
				GCC_OPTIMIZATION_LEVEL = 0;
				GCC_PREPROCESSOR_DEFINITIONS = (
					"DEBUG=1",
					"$(inherited)",
				);
				GCC_SYMBOLS_PRIVATE_EXTERN = NO;
				GCC_WARN_64_TO_32_BIT_CONVERSION = YES;
				GCC_WARN_ABOUT_RETURN_TYPE = YES_ERROR;
				GCC_WARN_UNDECLARED_SELECTOR = YES;
				GCC_WARN_UNINITIALIZED_AUTOS = YES_AGGRESSIVE;
				GCC_WARN_UNUSED_FUNCTION = YES;
				GCC_WARN_UNUSED_VARIABLE = YES;
				IPHONEOS_DEPLOYMENT_TARGET = 12.2;
				ONLY_ACTIVE_ARCH = YES;
				SDKROOT = iphoneos;
				TARGETED_DEVICE_FAMILY = "1,2";
			};
			name = Debug;
		};
		6003F5BE195388D20070C39A /* Release */ = {
			isa = XCBuildConfiguration;
			buildSettings = {
				ALWAYS_SEARCH_USER_PATHS = NO;
				CLANG_CXX_LANGUAGE_STANDARD = "gnu++0x";
				CLANG_CXX_LIBRARY = "libc++";
				CLANG_ENABLE_MODULES = YES;
				CLANG_ENABLE_OBJC_ARC = YES;
				CLANG_WARN_BOOL_CONVERSION = YES;
				CLANG_WARN_CONSTANT_CONVERSION = YES;
				CLANG_WARN_DIRECT_OBJC_ISA_USAGE = YES_ERROR;
				CLANG_WARN_EMPTY_BODY = YES;
				CLANG_WARN_ENUM_CONVERSION = YES;
				CLANG_WARN_INT_CONVERSION = YES;
				CLANG_WARN_OBJC_ROOT_CLASS = YES_ERROR;
				CLANG_WARN__DUPLICATE_METHOD_MATCH = YES;
				"CODE_SIGN_IDENTITY[sdk=iphoneos*]" = "iPhone Developer";
				COPY_PHASE_STRIP = YES;
				ENABLE_NS_ASSERTIONS = NO;
				GCC_C_LANGUAGE_STANDARD = gnu99;
				GCC_WARN_64_TO_32_BIT_CONVERSION = YES;
				GCC_WARN_ABOUT_RETURN_TYPE = YES_ERROR;
				GCC_WARN_UNDECLARED_SELECTOR = YES;
				GCC_WARN_UNINITIALIZED_AUTOS = YES_AGGRESSIVE;
				GCC_WARN_UNUSED_FUNCTION = YES;
				GCC_WARN_UNUSED_VARIABLE = YES;
				IPHONEOS_DEPLOYMENT_TARGET = 12.2;
				SDKROOT = iphoneos;
				TARGETED_DEVICE_FAMILY = "1,2";
				VALIDATE_PRODUCT = YES;
			};
			name = Release;
		};
		6003F5C0195388D20070C39A /* Debug */ = {
			isa = XCBuildConfiguration;
			baseConfigurationReference = 4570324A5239844CB7A82994 /* Pods-XJPlayerManager_Example.debug.xcconfig */;
			buildSettings = {
				ALWAYS_SEARCH_USER_PATHS = NO;
				ASSETCATALOG_COMPILER_APPICON_NAME = AppIcon;
				DEVELOPMENT_TEAM = 4X5X5XJA6V;
				FRAMEWORK_SEARCH_PATHS = (
					"$(inherited)",
					"\"${PODS_CONFIGURATION_BUILD_DIR}/DZNEmptyDataSet\"",
					"\"${PODS_CONFIGURATION_BUILD_DIR}/Masonry\"",
					"\"${PODS_CONFIGURATION_BUILD_DIR}/Reachability\"",
					"\"${PODS_CONFIGURATION_BUILD_DIR}/XJCollectionViewManager\"",
					"\"${PODS_CONFIGURATION_BUILD_DIR}/XJPlayerManager\"",
					"\"${PODS_CONFIGURATION_BUILD_DIR}/XJScrollViewStateManager\"",
					"\"${PODS_CONFIGURATION_BUILD_DIR}/XJTableViewManager\"",
					"\"${PODS_CONFIGURATION_BUILD_DIR}/XJUtil\"",
					"\"${PODS_CONFIGURATION_BUILD_DIR}/YoutubePlayer-in-WKWebView\"",
					"\"${PODS_CONFIGURATION_BUILD_DIR}/GoogleAds-IMA-iOS-SDK\"",
					"$(PROJECT_DIR)/Pods/GoogleAds-IMA-iOS-SDK",
				);
				GCC_PRECOMPILE_PREFIX_HEADER = YES;
				GCC_PREFIX_HEADER = "XJPlayerManager/XJPlayerManager-Prefix.pch";
				INFOPLIST_FILE = "XJPlayerManager/XJPlayerManager-Info.plist";
				IPHONEOS_DEPLOYMENT_TARGET = 9.3;
				LD_RUNPATH_SEARCH_PATHS = "$(inherited) @executable_path/Frameworks";
				LIBRARY_SEARCH_PATHS = "";
				MODULE_NAME = ExampleApp;
				ONLY_ACTIVE_ARCH = YES;
				OTHER_LDFLAGS = "$(inherited)";
				PRODUCT_BUNDLE_IDENTIFIER = "org.cocoapods.demo.${PRODUCT_NAME:rfc1034identifier}";
				PRODUCT_NAME = "$(TARGET_NAME)";
				SWIFT_VERSION = 4.0;
				VALID_ARCHS = "arm64 arm64e armv7 armv7s";
				WRAPPER_EXTENSION = app;
			};
			name = Debug;
		};
		6003F5C1195388D20070C39A /* Release */ = {
			isa = XCBuildConfiguration;
			baseConfigurationReference = 02E95F4C3F868D9F209BA377 /* Pods-XJPlayerManager_Example.release.xcconfig */;
			buildSettings = {
				ALWAYS_SEARCH_USER_PATHS = NO;
				ASSETCATALOG_COMPILER_APPICON_NAME = AppIcon;
				DEVELOPMENT_TEAM = 4X5X5XJA6V;
				FRAMEWORK_SEARCH_PATHS = (
					"$(inherited)",
					"$(PROJECT_DIR)/Pods/GoogleAds-IMA-iOS-SDK",
				);
				GCC_PRECOMPILE_PREFIX_HEADER = YES;
				GCC_PREFIX_HEADER = "XJPlayerManager/XJPlayerManager-Prefix.pch";
				INFOPLIST_FILE = "XJPlayerManager/XJPlayerManager-Info.plist";
				IPHONEOS_DEPLOYMENT_TARGET = 9.3;
				LD_RUNPATH_SEARCH_PATHS = "$(inherited) @executable_path/Frameworks";
				LIBRARY_SEARCH_PATHS = "";
				MODULE_NAME = ExampleApp;
				ONLY_ACTIVE_ARCH = NO;
				OTHER_LDFLAGS = "$(inherited)";
				PRODUCT_BUNDLE_IDENTIFIER = "org.cocoapods.demo.${PRODUCT_NAME:rfc1034identifier}";
				PRODUCT_NAME = "$(TARGET_NAME)";
				SWIFT_VERSION = 4.0;
				VALID_ARCHS = "arm64 arm64e armv7 armv7s";
				WRAPPER_EXTENSION = app;
			};
			name = Release;
		};
		6003F5C3195388D20070C39A /* Debug */ = {
			isa = XCBuildConfiguration;
			baseConfigurationReference = 26D86BB9C25E21F6F3F2B22E /* Pods-XJPlayerManager_Tests.debug.xcconfig */;
			buildSettings = {
				BUNDLE_LOADER = "$(TEST_HOST)";
				FRAMEWORK_SEARCH_PATHS = (
					"$(PLATFORM_DIR)/Developer/Library/Frameworks",
					"$(inherited)",
					"$(DEVELOPER_FRAMEWORKS_DIR)",
				);
				GCC_PRECOMPILE_PREFIX_HEADER = YES;
				GCC_PREFIX_HEADER = "Tests/Tests-Prefix.pch";
				GCC_PREPROCESSOR_DEFINITIONS = (
					"DEBUG=1",
					"$(inherited)",
				);
				INFOPLIST_FILE = "Tests/Tests-Info.plist";
				PRODUCT_BUNDLE_IDENTIFIER = "org.cocoapods.demo.${PRODUCT_NAME:rfc1034identifier}";
				PRODUCT_NAME = "$(TARGET_NAME)";
				SWIFT_VERSION = 4.0;
				TEST_HOST = "$(BUILT_PRODUCTS_DIR)/XJPlayerManager_Example.app/XJPlayerManager_Example";
				WRAPPER_EXTENSION = xctest;
			};
			name = Debug;
		};
		6003F5C4195388D20070C39A /* Release */ = {
			isa = XCBuildConfiguration;
			baseConfigurationReference = 2E1A27474FC91E6D19451074 /* Pods-XJPlayerManager_Tests.release.xcconfig */;
			buildSettings = {
				BUNDLE_LOADER = "$(TEST_HOST)";
				FRAMEWORK_SEARCH_PATHS = (
					"$(PLATFORM_DIR)/Developer/Library/Frameworks",
					"$(inherited)",
					"$(DEVELOPER_FRAMEWORKS_DIR)",
				);
				GCC_PRECOMPILE_PREFIX_HEADER = YES;
				GCC_PREFIX_HEADER = "Tests/Tests-Prefix.pch";
				INFOPLIST_FILE = "Tests/Tests-Info.plist";
				PRODUCT_BUNDLE_IDENTIFIER = "org.cocoapods.demo.${PRODUCT_NAME:rfc1034identifier}";
				PRODUCT_NAME = "$(TARGET_NAME)";
				SWIFT_VERSION = 4.0;
				TEST_HOST = "$(BUILT_PRODUCTS_DIR)/XJPlayerManager_Example.app/XJPlayerManager_Example";
				WRAPPER_EXTENSION = xctest;
			};
			name = Release;
		};
/* End XCBuildConfiguration section */

/* Begin XCConfigurationList section */
		6003F585195388D10070C39A /* Build configuration list for PBXProject "XJPlayerManager" */ = {
			isa = XCConfigurationList;
			buildConfigurations = (
				6003F5BD195388D20070C39A /* Debug */,
				6003F5BE195388D20070C39A /* Release */,
			);
			defaultConfigurationIsVisible = 0;
			defaultConfigurationName = Release;
		};
		6003F5BF195388D20070C39A /* Build configuration list for PBXNativeTarget "XJPlayerManager_Example" */ = {
			isa = XCConfigurationList;
			buildConfigurations = (
				6003F5C0195388D20070C39A /* Debug */,
				6003F5C1195388D20070C39A /* Release */,
			);
			defaultConfigurationIsVisible = 0;
			defaultConfigurationName = Release;
		};
		6003F5C2195388D20070C39A /* Build configuration list for PBXNativeTarget "XJPlayerManager_Tests" */ = {
			isa = XCConfigurationList;
			buildConfigurations = (
				6003F5C3195388D20070C39A /* Debug */,
				6003F5C4195388D20070C39A /* Release */,
			);
			defaultConfigurationIsVisible = 0;
			defaultConfigurationName = Release;
		};
/* End XCConfigurationList section */
	};
	rootObject = 6003F582195388D10070C39A /* Project object */;
}
